
Microsoft Visual Studio Solution File, Format Version 12.00
# Visual Studio 15
VisualStudioVersion = 15.0.28307.705
MinimumVisualStudioVersion = 10.0.40219.1
Project("{FAE04EC0-301F-11D3-BF4B-00C04F79EFBC}") = "SlowCapture", "SlowCapture\SlowCapture.csproj", "{D1415B66-8920-4E72-BA26-AC4050470FFE}"
EndProject
Global
	GlobalSection(SolutionConfigurationPlatforms) = preSolution
		Debug|Any CPU = Debug|Any CPU
		Release|Any CPU = Release|Any CPU
	EndGlobalSection
	GlobalSection(ProjectConfigurationPlatforms) = postSolution
		{D1415B66-8920-4E72-BA26-AC4050470FFE}.Debug|Any CPU.ActiveCfg = Debug|Any CPU
		{D1415B66-8920-4E72-BA26-AC4050470FFE}.Debug|Any CPU.Build.0 = Debug|Any CPU
		{D1415B66-8920-4E72-BA26-AC4050470FFE}.Release|Any CPU.ActiveCfg = Release|Any CPU
		{D1415B66-8920-4E72-BA26-AC4050470FFE}.Release|Any CPU.Build.0 = Release|Any CPU
	EndGlobalSection
	GlobalSection(SolutionProperties) = preSolution
		HideSolutionNode = FALSE
	EndGlobalSection
	GlobalSection(ExtensibilityGlobals) = postSolution
		SolutionGuid = {2FF47A72-51D5-4642-B557-E59ECC35C834}
	EndGlobalSection
EndGlobal
