
Microsoft Visual Studio Solution File, Format Version 12.00
# Visual Studio 2012
Project("{FAE04EC0-301F-11D3-BF4B-00C04F79EFBC}") = "ConsoleTest", "ConsoleTest\ConsoleTest.csproj", "{979F9604-F884-497C-B668-887874E9033E}"
EndProject
Project("{FAE04EC0-301F-11D3-BF4B-00C04F79EFBC}") = "ConsoleLib", "ConsoleEx\ConsoleLib.csproj", "{86D20FAF-A792-48CE-93F0-8F76850ECD93}"
EndProject
Global
	GlobalSection(SolutionConfigurationPlatforms) = preSolution
		Debug|Any CPU = Debug|Any CPU
		Release|Any CPU = Release|Any CPU
	EndGlobalSection
	GlobalSection(ProjectConfigurationPlatforms) = postSolution
		{979F9604-F884-497C-B668-887874E9033E}.Debug|Any CPU.ActiveCfg = Debug|Any CPU
		{979F9604-F884-497C-B668-887874E9033E}.Debug|Any CPU.Build.0 = Debug|Any CPU
		{979F9604-F884-497C-B668-887874E9033E}.Release|Any CPU.ActiveCfg = Release|Any CPU
		{979F9604-F884-497C-B668-887874E9033E}.Release|Any CPU.Build.0 = Release|Any CPU
		{86D20FAF-A792-48CE-93F0-8F76850ECD93}.Debug|Any CPU.ActiveCfg = Debug|Any CPU
		{86D20FAF-A792-48CE-93F0-8F76850ECD93}.Debug|Any CPU.Build.0 = Debug|Any CPU
		{86D20FAF-A792-48CE-93F0-8F76850ECD93}.Release|Any CPU.ActiveCfg = Release|Any CPU
		{86D20FAF-A792-48CE-93F0-8F76850ECD93}.Release|Any CPU.Build.0 = Release|Any CPU
	EndGlobalSection
	GlobalSection(SolutionProperties) = preSolution
		HideSolutionNode = FALSE
	EndGlobalSection
EndGlobal
